
Microsoft Visual Studio Solution File, Format Version 12.00
# Visual Studio Version 17
VisualStudioVersion = 17.7.34031.279
MinimumVisualStudioVersion = 10.0.40219.1
Project("{FAE04EC0-301F-11D3-BF4B-00C04F79EFBC}") = "HWLinq2DB", "HWLinq2DB\HWLinq2DB.csproj", "{AAC2F8AB-78E9-49BE-B579-02BD9510F249}"
EndProject
Global
	GlobalSection(SolutionConfigurationPlatforms) = preSolution
		Debug|Any CPU = Debug|Any CPU
		Release|Any CPU = Release|Any CPU
	EndGlobalSection
	GlobalSection(ProjectConfigurationPlatforms) = postSolution
		{AAC2F8AB-78E9-49BE-B579-02BD9510F249}.Debug|Any CPU.ActiveCfg = Debug|Any CPU
		{AAC2F8AB-78E9-49BE-B579-02BD9510F249}.Debug|Any CPU.Build.0 = Debug|Any CPU
		{AAC2F8AB-78E9-49BE-B579-02BD9510F249}.Release|Any CPU.ActiveCfg = Release|Any CPU
		{AAC2F8AB-78E9-49BE-B579-02BD9510F249}.Release|Any CPU.Build.0 = Release|Any CPU
	EndGlobalSection
	GlobalSection(SolutionProperties) = preSolution
		HideSolutionNode = FALSE
	EndGlobalSection
	GlobalSection(ExtensibilityGlobals) = postSolution
		SolutionGuid = {7B71CC8D-20D1-4551-94BD-444824503573}
	EndGlobalSection
EndGlobal
