
Microsoft Visual Studio Solution File, Format Version 12.00
# Visual Studio Version 17
VisualStudioVersion = 17.13.35806.99 d17.13
MinimumVisualStudioVersion = 10.0.40219.1
Project("{FAE04EC0-301F-11D3-BF4B-00C04F79EFBC}") = "Reflection", "Reflection\Reflection.csproj", "{B685DE8F-9AD7-4AA6-BB9F-128DBEB83BFC}"
EndProject
Global
	GlobalSection(SolutionConfigurationPlatforms) = preSolution
		Debug|Any CPU = Debug|Any CPU
		Release|Any CPU = Release|Any CPU
	EndGlobalSection
	GlobalSection(ProjectConfigurationPlatforms) = postSolution
		{B685DE8F-9AD7-4AA6-BB9F-128DBEB83BFC}.Debug|Any CPU.ActiveCfg = Debug|Any CPU
		{B685DE8F-9AD7-4AA6-BB9F-128DBEB83BFC}.Debug|Any CPU.Build.0 = Debug|Any CPU
		{B685DE8F-9AD7-4AA6-BB9F-128DBEB83BFC}.Release|Any CPU.ActiveCfg = Release|Any CPU
		{B685DE8F-9AD7-4AA6-BB9F-128DBEB83BFC}.Release|Any CPU.Build.0 = Release|Any CPU
	EndGlobalSection
	GlobalSection(SolutionProperties) = preSolution
		HideSolutionNode = FALSE
	EndGlobalSection
	GlobalSection(ExtensibilityGlobals) = postSolution
		SolutionGuid = {04691DB2-B10C-4264-9DED-253215356625}
	EndGlobalSection
EndGlobal
