
Microsoft Visual Studio Solution File, Format Version 12.00
# Visual Studio Version 17
VisualStudioVersion = 17.7.34031.279
MinimumVisualStudioVersion = 10.0.40219.1
Project("{9A19103F-16F7-4668-BE54-9A1E7A4F7556}") = "RegularСustomer", "Observable-Immutable-Concurrent\RegularСustomer.csproj", "{070BD175-279F-4BBC-BD60-D951A237690A}"
EndProject
Project("{FAE04EC0-301F-11D3-BF4B-00C04F79EFBC}") = "Librarian", "Library\Librarian.csproj", "{9FC256DB-4533-424B-A8F9-7FEA96FBFCA0}"
EndProject
Project("{FAE04EC0-301F-11D3-BF4B-00C04F79EFBC}") = "JackHouse", "JackHouse\JackHouse.csproj", "{1851D574-2AEA-441C-A172-635AB85C678F}"
EndProject
Global
	GlobalSection(SolutionConfigurationPlatforms) = preSolution
		Debug|Any CPU = Debug|Any CPU
		Release|Any CPU = Release|Any CPU
	EndGlobalSection
	GlobalSection(ProjectConfigurationPlatforms) = postSolution
		{070BD175-279F-4BBC-BD60-D951A237690A}.Debug|Any CPU.ActiveCfg = Debug|Any CPU
		{070BD175-279F-4BBC-BD60-D951A237690A}.Debug|Any CPU.Build.0 = Debug|Any CPU
		{070BD175-279F-4BBC-BD60-D951A237690A}.Release|Any CPU.ActiveCfg = Release|Any CPU
		{070BD175-279F-4BBC-BD60-D951A237690A}.Release|Any CPU.Build.0 = Release|Any CPU
		{9FC256DB-4533-424B-A8F9-7FEA96FBFCA0}.Debug|Any CPU.ActiveCfg = Debug|Any CPU
		{9FC256DB-4533-424B-A8F9-7FEA96FBFCA0}.Debug|Any CPU.Build.0 = Debug|Any CPU
		{9FC256DB-4533-424B-A8F9-7FEA96FBFCA0}.Release|Any CPU.ActiveCfg = Release|Any CPU
		{9FC256DB-4533-424B-A8F9-7FEA96FBFCA0}.Release|Any CPU.Build.0 = Release|Any CPU
		{1851D574-2AEA-441C-A172-635AB85C678F}.Debug|Any CPU.ActiveCfg = Debug|Any CPU
		{1851D574-2AEA-441C-A172-635AB85C678F}.Debug|Any CPU.Build.0 = Debug|Any CPU
		{1851D574-2AEA-441C-A172-635AB85C678F}.Release|Any CPU.ActiveCfg = Release|Any CPU
		{1851D574-2AEA-441C-A172-635AB85C678F}.Release|Any CPU.Build.0 = Release|Any CPU
	EndGlobalSection
	GlobalSection(SolutionProperties) = preSolution
		HideSolutionNode = FALSE
	EndGlobalSection
	GlobalSection(ExtensibilityGlobals) = postSolution
		SolutionGuid = {0ACF5C6C-E5E1-4C8F-9BE0-FB2BFA38F12B}
	EndGlobalSection
EndGlobal
